
Microsoft Visual Studio Solution File, Format Version 12.00
# Visual Studio Version 16
VisualStudioVersion = 16.0.31702.278
MinimumVisualStudioVersion = 10.0.40219.1
Project("{FAE04EC0-301F-11D3-BF4B-00C04F79EFBC}") = "MyExpenseApp", "MyExpenseApp\MyExpenseApp.csproj", "{AA3151EB-64DD-48C0-AAB6-7B39F6785510}"
EndProject
Global
	GlobalSection(SolutionConfigurationPlatforms) = preSolution
		Debug|Any CPU = Debug|Any CPU
		Release|Any CPU = Release|Any CPU
	EndGlobalSection
	GlobalSection(ProjectConfigurationPlatforms) = postSolution
		{AA3151EB-64DD-48C0-AAB6-7B39F6785510}.Debug|Any CPU.ActiveCfg = Debug|Any CPU
		{AA3151EB-64DD-48C0-AAB6-7B39F6785510}.Debug|Any CPU.Build.0 = Debug|Any CPU
		{AA3151EB-64DD-48C0-AAB6-7B39F6785510}.Release|Any CPU.ActiveCfg = Release|Any CPU
		{AA3151EB-64DD-48C0-AAB6-7B39F6785510}.Release|Any CPU.Build.0 = Release|Any CPU
	EndGlobalSection
	GlobalSection(SolutionProperties) = preSolution
		HideSolutionNode = FALSE
	EndGlobalSection
	GlobalSection(ExtensibilityGlobals) = postSolution
		SolutionGuid = {7D405C33-E5AC-4298-93B5-EC3270238836}
	EndGlobalSection
EndGlobal
